
Microsoft Visual Studio Solution File, Format Version 12.00
# Visual Studio Version 17
VisualStudioVersion = 17.1.32210.238
MinimumVisualStudioVersion = 10.0.40219.1
Project("{FAE04EC0-301F-11D3-BF4B-00C04F79EFBC}") = "Program", "Program\Program.csproj", "{2A15FAF1-8D9F-42E6-8AA1-279276EABC0C}"
EndProject
Global
	GlobalSection(SolutionConfigurationPlatforms) = preSolution
		Debug|Any CPU = Debug|Any CPU
		Release|Any CPU = Release|Any CPU
	EndGlobalSection
	GlobalSection(ProjectConfigurationPlatforms) = postSolution
		{2A15FAF1-8D9F-42E6-8AA1-279276EABC0C}.Debug|Any CPU.ActiveCfg = Debug|Any CPU
		{2A15FAF1-8D9F-42E6-8AA1-279276EABC0C}.Debug|Any CPU.Build.0 = Debug|Any CPU
		{2A15FAF1-8D9F-42E6-8AA1-279276EABC0C}.Release|Any CPU.ActiveCfg = Release|Any CPU
		{2A15FAF1-8D9F-42E6-8AA1-279276EABC0C}.Release|Any CPU.Build.0 = Release|Any CPU
	EndGlobalSection
	GlobalSection(SolutionProperties) = preSolution
		HideSolutionNode = FALSE
	EndGlobalSection
	GlobalSection(ExtensibilityGlobals) = postSolution
		SolutionGuid = {B63BFA6B-7FFD-4A4B-98D0-F40BCADF8179}
	EndGlobalSection
EndGlobal
