
Microsoft Visual Studio Solution File, Format Version 12.00
# Visual Studio Version 17
VisualStudioVersion = 17.1.32210.238
MinimumVisualStudioVersion = 10.0.40219.1
Project("{FAE04EC0-301F-11D3-BF4B-00C04F79EFBC}") = "Program", "Program\Program.csproj", "{878C46A1-6090-4D18-BBA3-C0C843111974}"
EndProject
Global
	GlobalSection(SolutionConfigurationPlatforms) = preSolution
		Debug|Any CPU = Debug|Any CPU
		Release|Any CPU = Release|Any CPU
	EndGlobalSection
	GlobalSection(ProjectConfigurationPlatforms) = postSolution
		{878C46A1-6090-4D18-BBA3-C0C843111974}.Debug|Any CPU.ActiveCfg = Debug|Any CPU
		{878C46A1-6090-4D18-BBA3-C0C843111974}.Debug|Any CPU.Build.0 = Debug|Any CPU
		{878C46A1-6090-4D18-BBA3-C0C843111974}.Release|Any CPU.ActiveCfg = Release|Any CPU
		{878C46A1-6090-4D18-BBA3-C0C843111974}.Release|Any CPU.Build.0 = Release|Any CPU
	EndGlobalSection
	GlobalSection(SolutionProperties) = preSolution
		HideSolutionNode = FALSE
	EndGlobalSection
	GlobalSection(ExtensibilityGlobals) = postSolution
		SolutionGuid = {A1A4690B-4C86-46BE-B4C1-17D4A9B8BD42}
	EndGlobalSection
EndGlobal
