
Microsoft Visual Studio Solution File, Format Version 12.00
# Visual Studio Version 17
VisualStudioVersion = 17.1.32210.238
MinimumVisualStudioVersion = 10.0.40219.1
Project("{FAE04EC0-301F-11D3-BF4B-00C04F79EFBC}") = "Program", "Program\Program.csproj", "{D575849F-28D3-4C82-A93A-C5D113154234}"
EndProject
Global
	GlobalSection(SolutionConfigurationPlatforms) = preSolution
		Debug|Any CPU = Debug|Any CPU
		Release|Any CPU = Release|Any CPU
	EndGlobalSection
	GlobalSection(ProjectConfigurationPlatforms) = postSolution
		{D575849F-28D3-4C82-A93A-C5D113154234}.Debug|Any CPU.ActiveCfg = Debug|Any CPU
		{D575849F-28D3-4C82-A93A-C5D113154234}.Debug|Any CPU.Build.0 = Debug|Any CPU
		{D575849F-28D3-4C82-A93A-C5D113154234}.Release|Any CPU.ActiveCfg = Release|Any CPU
		{D575849F-28D3-4C82-A93A-C5D113154234}.Release|Any CPU.Build.0 = Release|Any CPU
	EndGlobalSection
	GlobalSection(SolutionProperties) = preSolution
		HideSolutionNode = FALSE
	EndGlobalSection
	GlobalSection(ExtensibilityGlobals) = postSolution
		SolutionGuid = {3B9C9EB1-9E65-4489-8D67-E75BA51DCCA0}
	EndGlobalSection
EndGlobal
