
Microsoft Visual Studio Solution File, Format Version 12.00
# Visual Studio Version 17
VisualStudioVersion = 17.1.32210.238
MinimumVisualStudioVersion = 10.0.40219.1
Project("{FAE04EC0-301F-11D3-BF4B-00C04F79EFBC}") = "Program", "Program\Program.csproj", "{1A1D3BA8-DFAD-4945-9AAD-E60DBAB2FD96}"
EndProject
Global
	GlobalSection(SolutionConfigurationPlatforms) = preSolution
		Debug|Any CPU = Debug|Any CPU
		Release|Any CPU = Release|Any CPU
	EndGlobalSection
	GlobalSection(ProjectConfigurationPlatforms) = postSolution
		{1A1D3BA8-DFAD-4945-9AAD-E60DBAB2FD96}.Debug|Any CPU.ActiveCfg = Debug|Any CPU
		{1A1D3BA8-DFAD-4945-9AAD-E60DBAB2FD96}.Debug|Any CPU.Build.0 = Debug|Any CPU
		{1A1D3BA8-DFAD-4945-9AAD-E60DBAB2FD96}.Release|Any CPU.ActiveCfg = Release|Any CPU
		{1A1D3BA8-DFAD-4945-9AAD-E60DBAB2FD96}.Release|Any CPU.Build.0 = Release|Any CPU
	EndGlobalSection
	GlobalSection(SolutionProperties) = preSolution
		HideSolutionNode = FALSE
	EndGlobalSection
	GlobalSection(ExtensibilityGlobals) = postSolution
		SolutionGuid = {46ECCEFA-45D6-4D8C-A093-B3F2C922E3BA}
	EndGlobalSection
EndGlobal
