
Microsoft Visual Studio Solution File, Format Version 12.00
# Visual Studio Version 17
VisualStudioVersion = 17.1.32210.238
MinimumVisualStudioVersion = 10.0.40219.1
Project("{FAE04EC0-301F-11D3-BF4B-00C04F79EFBC}") = "Program", "Program\Program.csproj", "{2F2055BC-0B34-442B-8684-1E2DEC8BFFEE}"
EndProject
Global
	GlobalSection(SolutionConfigurationPlatforms) = preSolution
		Debug|Any CPU = Debug|Any CPU
		Release|Any CPU = Release|Any CPU
	EndGlobalSection
	GlobalSection(ProjectConfigurationPlatforms) = postSolution
		{2F2055BC-0B34-442B-8684-1E2DEC8BFFEE}.Debug|Any CPU.ActiveCfg = Debug|Any CPU
		{2F2055BC-0B34-442B-8684-1E2DEC8BFFEE}.Debug|Any CPU.Build.0 = Debug|Any CPU
		{2F2055BC-0B34-442B-8684-1E2DEC8BFFEE}.Release|Any CPU.ActiveCfg = Release|Any CPU
		{2F2055BC-0B34-442B-8684-1E2DEC8BFFEE}.Release|Any CPU.Build.0 = Release|Any CPU
	EndGlobalSection
	GlobalSection(SolutionProperties) = preSolution
		HideSolutionNode = FALSE
	EndGlobalSection
	GlobalSection(ExtensibilityGlobals) = postSolution
		SolutionGuid = {6B41940A-DD03-4276-B131-7CA780C67D98}
	EndGlobalSection
EndGlobal
