
Microsoft Visual Studio Solution File, Format Version 12.00
# Visual Studio Version 17
VisualStudioVersion = 17.1.32210.238
MinimumVisualStudioVersion = 10.0.40219.1
Project("{FAE04EC0-301F-11D3-BF4B-00C04F79EFBC}") = "Program", "Program\Program.csproj", "{6D32326F-3FD0-4CAF-9DDC-8B0092A66308}"
EndProject
Global
	GlobalSection(SolutionConfigurationPlatforms) = preSolution
		Debug|Any CPU = Debug|Any CPU
		Release|Any CPU = Release|Any CPU
	EndGlobalSection
	GlobalSection(ProjectConfigurationPlatforms) = postSolution
		{6D32326F-3FD0-4CAF-9DDC-8B0092A66308}.Debug|Any CPU.ActiveCfg = Debug|Any CPU
		{6D32326F-3FD0-4CAF-9DDC-8B0092A66308}.Debug|Any CPU.Build.0 = Debug|Any CPU
		{6D32326F-3FD0-4CAF-9DDC-8B0092A66308}.Release|Any CPU.ActiveCfg = Release|Any CPU
		{6D32326F-3FD0-4CAF-9DDC-8B0092A66308}.Release|Any CPU.Build.0 = Release|Any CPU
	EndGlobalSection
	GlobalSection(SolutionProperties) = preSolution
		HideSolutionNode = FALSE
	EndGlobalSection
	GlobalSection(ExtensibilityGlobals) = postSolution
		SolutionGuid = {3BDD7CF7-D872-4745-B12A-37594C8EA77D}
	EndGlobalSection
EndGlobal
