
Microsoft Visual Studio Solution File, Format Version 12.00
# Visual Studio Version 17
VisualStudioVersion = 17.1.32210.238
MinimumVisualStudioVersion = 10.0.40219.1
Project("{FAE04EC0-301F-11D3-BF4B-00C04F79EFBC}") = "Program", "Program\Program.csproj", "{5C3AC9EF-553A-4D68-B1A3-2B619BA84319}"
EndProject
Global
	GlobalSection(SolutionConfigurationPlatforms) = preSolution
		Debug|Any CPU = Debug|Any CPU
		Release|Any CPU = Release|Any CPU
	EndGlobalSection
	GlobalSection(ProjectConfigurationPlatforms) = postSolution
		{5C3AC9EF-553A-4D68-B1A3-2B619BA84319}.Debug|Any CPU.ActiveCfg = Debug|Any CPU
		{5C3AC9EF-553A-4D68-B1A3-2B619BA84319}.Debug|Any CPU.Build.0 = Debug|Any CPU
		{5C3AC9EF-553A-4D68-B1A3-2B619BA84319}.Release|Any CPU.ActiveCfg = Release|Any CPU
		{5C3AC9EF-553A-4D68-B1A3-2B619BA84319}.Release|Any CPU.Build.0 = Release|Any CPU
	EndGlobalSection
	GlobalSection(SolutionProperties) = preSolution
		HideSolutionNode = FALSE
	EndGlobalSection
	GlobalSection(ExtensibilityGlobals) = postSolution
		SolutionGuid = {3D6DB35C-1340-42EA-AA71-20176661B17E}
	EndGlobalSection
EndGlobal
