
Microsoft Visual Studio Solution File, Format Version 12.00
# Visual Studio Version 17
VisualStudioVersion = 17.1.32210.238
MinimumVisualStudioVersion = 10.0.40219.1
Project("{FAE04EC0-301F-11D3-BF4B-00C04F79EFBC}") = "Program", "Program\Program.csproj", "{265B3500-8B85-40F9-86DA-BC1371343814}"
EndProject
Global
	GlobalSection(SolutionConfigurationPlatforms) = preSolution
		Debug|Any CPU = Debug|Any CPU
		Release|Any CPU = Release|Any CPU
	EndGlobalSection
	GlobalSection(ProjectConfigurationPlatforms) = postSolution
		{265B3500-8B85-40F9-86DA-BC1371343814}.Debug|Any CPU.ActiveCfg = Debug|Any CPU
		{265B3500-8B85-40F9-86DA-BC1371343814}.Debug|Any CPU.Build.0 = Debug|Any CPU
		{265B3500-8B85-40F9-86DA-BC1371343814}.Release|Any CPU.ActiveCfg = Release|Any CPU
		{265B3500-8B85-40F9-86DA-BC1371343814}.Release|Any CPU.Build.0 = Release|Any CPU
	EndGlobalSection
	GlobalSection(SolutionProperties) = preSolution
		HideSolutionNode = FALSE
	EndGlobalSection
	GlobalSection(ExtensibilityGlobals) = postSolution
		SolutionGuid = {66A27F04-B27B-4A87-9A11-506805F6D3AF}
	EndGlobalSection
EndGlobal
