
Microsoft Visual Studio Solution File, Format Version 12.00
# Visual Studio Version 17
VisualStudioVersion = 17.1.32210.238
MinimumVisualStudioVersion = 10.0.40219.1
Project("{FAE04EC0-301F-11D3-BF4B-00C04F79EFBC}") = "Program", "Program\Program.csproj", "{3C0A224D-B7B5-41A0-AFAF-51D3DF0813CF}"
EndProject
Global
	GlobalSection(SolutionConfigurationPlatforms) = preSolution
		Debug|Any CPU = Debug|Any CPU
		Release|Any CPU = Release|Any CPU
	EndGlobalSection
	GlobalSection(ProjectConfigurationPlatforms) = postSolution
		{3C0A224D-B7B5-41A0-AFAF-51D3DF0813CF}.Debug|Any CPU.ActiveCfg = Debug|Any CPU
		{3C0A224D-B7B5-41A0-AFAF-51D3DF0813CF}.Debug|Any CPU.Build.0 = Debug|Any CPU
		{3C0A224D-B7B5-41A0-AFAF-51D3DF0813CF}.Release|Any CPU.ActiveCfg = Release|Any CPU
		{3C0A224D-B7B5-41A0-AFAF-51D3DF0813CF}.Release|Any CPU.Build.0 = Release|Any CPU
	EndGlobalSection
	GlobalSection(SolutionProperties) = preSolution
		HideSolutionNode = FALSE
	EndGlobalSection
	GlobalSection(ExtensibilityGlobals) = postSolution
		SolutionGuid = {A6B97D5E-177A-4243-A345-E95D59DF814A}
	EndGlobalSection
EndGlobal
