
Microsoft Visual Studio Solution File, Format Version 12.00
# Visual Studio Version 17
VisualStudioVersion = 17.1.32210.238
MinimumVisualStudioVersion = 10.0.40219.1
Project("{FAE04EC0-301F-11D3-BF4B-00C04F79EFBC}") = "Program", "Program\Program.csproj", "{C789BF79-7917-4343-81A5-0A862A1FF23F}"
EndProject
Global
	GlobalSection(SolutionConfigurationPlatforms) = preSolution
		Debug|Any CPU = Debug|Any CPU
		Release|Any CPU = Release|Any CPU
	EndGlobalSection
	GlobalSection(ProjectConfigurationPlatforms) = postSolution
		{C789BF79-7917-4343-81A5-0A862A1FF23F}.Debug|Any CPU.ActiveCfg = Debug|Any CPU
		{C789BF79-7917-4343-81A5-0A862A1FF23F}.Debug|Any CPU.Build.0 = Debug|Any CPU
		{C789BF79-7917-4343-81A5-0A862A1FF23F}.Release|Any CPU.ActiveCfg = Release|Any CPU
		{C789BF79-7917-4343-81A5-0A862A1FF23F}.Release|Any CPU.Build.0 = Release|Any CPU
	EndGlobalSection
	GlobalSection(SolutionProperties) = preSolution
		HideSolutionNode = FALSE
	EndGlobalSection
	GlobalSection(ExtensibilityGlobals) = postSolution
		SolutionGuid = {4F67D5C8-BF9E-49D9-B689-E6D3BD5D1D05}
	EndGlobalSection
EndGlobal
